github.com/albanysiswanto/go-sayHello v1.0.0 h1:e0KUKSNtR288mEjHZYohAQzU5AewLLLX99IvavJ69q0=
github.com/albanysiswanto/go-sayHello v1.0.0/go.mod h1:rDP1DO6WMPlewaazthGIwuDTLhCNXpmGvI/RFj31tAI=
github.com/albanysiswanto/go-sayHello v1.5.0 h1:7Rs7bWqj0aohAFRft2CuY5zw58gVUK5xXMg+1WFomnU=
github.com/albanysiswanto/go-sayHello v1.5.0/go.mod h1:rDP1DO6WMPlewaazthGIwuDTLhCNXpmGvI/RFj31tAI=
github.com/albanysiswanto/go-sayHello/v2 v2.0.0 h1:Tk6X+dwJxPLaCJOjTyt+9gc8AdZfrdq4AWkv2bja43c=
github.com/albanysiswanto/go-sayHello/v2 v2.0.0/go.mod h1:r4xPSnSytam4/RwPKnTPQEVj7fG4lHtXYyFa4d3CjvI=
